
Microsoft Visual Studio Solution File, Format Version 12.00
# Visual Studio Version 17
VisualStudioVersion = 17.8.34511.84
MinimumVisualStudioVersion = 10.0.40219.1
Project("{FAE04EC0-301F-11D3-BF4B-00C04F79EFBC}") = "Rinha2024", "Rinha2024.csproj", "{13BA35D8-4AA5-4EC1-BCFB-5BE8416C97A0}"
EndProject
Global
	GlobalSection(SolutionConfigurationPlatforms) = preSolution
		Debug|Any CPU = Debug|Any CPU
		Release|Any CPU = Release|Any CPU
	EndGlobalSection
	GlobalSection(ProjectConfigurationPlatforms) = postSolution
		{13BA35D8-4AA5-4EC1-BCFB-5BE8416C97A0}.Debug|Any CPU.ActiveCfg = Debug|Any CPU
		{13BA35D8-4AA5-4EC1-BCFB-5BE8416C97A0}.Debug|Any CPU.Build.0 = Debug|Any CPU
		{13BA35D8-4AA5-4EC1-BCFB-5BE8416C97A0}.Release|Any CPU.ActiveCfg = Release|Any CPU
		{13BA35D8-4AA5-4EC1-BCFB-5BE8416C97A0}.Release|Any CPU.Build.0 = Release|Any CPU
	EndGlobalSection
	GlobalSection(SolutionProperties) = preSolution
		HideSolutionNode = FALSE
	EndGlobalSection
	GlobalSection(ExtensibilityGlobals) = postSolution
		SolutionGuid = {CE622C2E-402D-4373-B04E-33F232D16393}
	EndGlobalSection
EndGlobal
